{
  "nodes": {
    "cachix": {
      "inputs": {
        "devenv": [
          "clojure-mcp",
          "devenv"
        ],
        "flake-compat": [
          "clojure-mcp",
          "devenv",
          "flake-compat"
        ],
        "git-hooks": [
          "clojure-mcp",
          "devenv",
          "git-hooks"
        ],
        "nixpkgs": [
          "clojure-mcp",
          "devenv",
          "nixpkgs"
        ]
      },
      "locked": {
        "lastModified": 1760971495,
        "narHash": "sha256-IwnNtbNVrlZIHh7h4Wz6VP0Furxg9Hh0ycighvL5cZc=",
        "owner": "cachix",
        "repo": "cachix",
        "rev": "c5bfd933d1033672f51a863c47303fc0e093c2d2",
        "type": "github"
      },
      "original": {
        "owner": "cachix",
        "ref": "latest",
        "repo": "cachix",
        "type": "github"
      }
    },
    "clj-nix": {
      "inputs": {
        "devshell": "devshell",
        "nix-fetcher-data": "nix-fetcher-data",
        "nixpkgs": [
          "clojure-mcp",
          "nixpkgs"
        ]
      },
      "locked": {
        "lastModified": 1771534738,
        "narHash": "sha256-5Bi5c14C4kGSRvRq8nlnHF4GT5TKGs2vWnx/DZ16FHA=",
        "owner": "jlesquembre",
        "repo": "clj-nix",
        "rev": "5751969234c45823955a0fd348831068f1107453",
        "type": "github"
      },
      "original": {
        "owner": "jlesquembre",
        "repo": "clj-nix",
        "type": "github"
      }
    },
    "clj-nix_2": {
      "inputs": {
        "devshell": "devshell_2",
        "nix-fetcher-data": "nix-fetcher-data_2",
        "nixpkgs": [
          "datom",
          "nixpkgs"
        ]
      },
      "locked": {
        "lastModified": 1776760934,
        "narHash": "sha256-WVzvTigFwWcJ0VkAFMzA3jE8kbHGahCJ0FJFqVYhPqM=",
        "owner": "jlesquembre",
        "repo": "clj-nix",
        "rev": "2b1290ee56e9bbd50e9b5874c985d34ad2f1b458",
        "type": "github"
      },
      "original": {
        "owner": "jlesquembre",
        "repo": "clj-nix",
        "type": "github"
      }
    },
    "clojure-mcp": {
      "inputs": {
        "clj-nix": "clj-nix",
        "devenv": "devenv",
        "nixpkgs": "nixpkgs_2",
        "treefmt-nix": "treefmt-nix_2"
      },
      "locked": {
        "lastModified": 1772154664,
        "narHash": "sha256-70FCV1AELDNT7GUKJTPpX9uvd02xQwhJArAJbZpBya0=",
        "owner": "noblepayne",
        "repo": "clojure-mcp",
        "rev": "b090dafc21ded84697e32358814b0336e6ad6cdd",
        "type": "github"
      },
      "original": {
        "owner": "noblepayne",
        "ref": "feat/flake",
        "repo": "clojure-mcp",
        "type": "github"
      }
    },
    "datom": {
      "inputs": {
        "clj-nix": "clj-nix_2",
        "flake-utils": "flake-utils",
        "nixpkgs": "nixpkgs_3"
      },
      "locked": {
        "lastModified": 1787640731,
        "narHash": "sha256-wnkcm5sXFbQSlEGOcPcNrDcPpx785W9qr0jjWeCEnLs=",
        "owner": "noblepayne",
        "repo": "datom",
        "rev": "0fb49800d5a3570f820fe630fd9bbe2edf195b74",
        "type": "github"
      },
      "original": {
        "owner": "noblepayne",
        "repo": "datom",
        "type": "github"
      }
    },
    "devenv": {
      "inputs": {
        "cachix": "cachix",
        "flake-compat": "flake-compat",
        "flake-parts": "flake-parts_2",
        "git-hooks": "git-hooks",
        "nix": "nix",
        "nixd": "nixd",
        "nixpkgs": "nixpkgs"
      },
      "locked": {
        "lastModified": 1772049386,
        "narHash": "sha256-pjGqHzLzdNHMpa9D99QP3vC8EFQWbKlN0pvW+7A4KTg=",
        "owner": "cachix",
        "repo": "devenv",
        "rev": "e9f3b7808443cd3d5b492863bc9c839f357e73da",
        "type": "github"
      },
      "original": {
        "owner": "cachix",
        "repo": "devenv",
        "type": "github"
      }
    },
    "devshell": {
      "inputs": {
        "nixpkgs": [
          "clojure-mcp",
          "clj-nix",
          "nixpkgs"
        ]
      },
      "locked": {
        "lastModified": 1768818222,
        "narHash": "sha256-460jc0+CZfyaO8+w8JNtlClB2n4ui1RbHfPTLkpwhU8=",
        "owner": "numtide",
        "repo": "devshell",
        "rev": "255a2b1725a20d060f566e4755dbf571bbbb5f76",
        "type": "github"
      },
      "original": {
        "owner": "numtide",
        "repo": "devshell",
        "type": "github"
      }
    },
    "devshell_2": {
      "inputs": {
        "nixpkgs": [
          "datom",
          "clj-nix",
          "nixpkgs"
        ]
      },
      "locked": {
        "lastModified": 1768818222,
        "narHash": "sha256-460jc0+CZfyaO8+w8JNtlClB2n4ui1RbHfPTLkpwhU8=",
        "owner": "numtide",
        "repo": "devshell",
        "rev": "255a2b1725a20d060f566e4755dbf571bbbb5f76",
        "type": "github"
      },
      "original": {
        "owner": "numtide",
        "repo": "devshell",
        "type": "github"
      }
    },
    "devshell_3": {
      "inputs": {
        "nixpkgs": [
          "mcp-nixos",
          "nixpkgs"
        ]
      },
      "locked": {
        "lastModified": 1768818222,
        "narHash": "sha256-460jc0+CZfyaO8+w8JNtlClB2n4ui1RbHfPTLkpwhU8=",
        "owner": "numtide",
        "repo": "devshell",
        "rev": "255a2b1725a20d060f566e4755dbf571bbbb5f76",
        "type": "github"
      },
      "original": {
        "owner": "numtide",
        "repo": "devshell",
        "type": "github"
      }
    },
    "flake-compat": {
      "flake": false,
      "locked": {
        "lastModified": 1761588595,
        "narHash": "sha256-XKUZz9zewJNUj46b4AJdiRZJAvSZ0Dqj2BNfXvFlJC4=",
        "owner": "edolstra",
        "repo": "flake-compat",
        "rev": "f387cd2afec9419c8ee37694406ca490c3f34ee5",
        "type": "github"
      },
      "original": {
        "owner": "edolstra",
        "repo": "flake-compat",
        "type": "github"
      }
    },
    "flake-parts": {
      "inputs": {
        "nixpkgs-lib": "nixpkgs-lib"
      },
      "locked": {
        "lastModified": 1719745305,
        "narHash": "sha256-xwgjVUpqSviudEkpQnioeez1Uo2wzrsMaJKJClh+Bls=",
        "owner": "hercules-ci",
        "repo": "flake-parts",
        "rev": "c3c5ecc05edc7dafba779c6c1a61cd08ac6583e9",
        "type": "github"
      },
      "original": {
        "owner": "hercules-ci",
        "repo": "flake-parts",
        "type": "github"
      }
    },
    "flake-parts_2": {
      "inputs": {
        "nixpkgs-lib": [
          "clojure-mcp",
          "devenv",
          "nixpkgs"
        ]
      },
      "locked": {
        "lastModified": 1760948891,
        "narHash": "sha256-TmWcdiUUaWk8J4lpjzu4gCGxWY6/Ok7mOK4fIFfBuU4=",
        "owner": "hercules-ci",
        "repo": "flake-parts",
        "rev": "864599284fc7c0ba6357ed89ed5e2cd5040f0c04",
        "type": "github"
      },
      "original": {
        "owner": "hercules-ci",
        "repo": "flake-parts",
        "type": "github"
      }
    },
    "flake-parts_3": {
      "inputs": {
        "nixpkgs-lib": "nixpkgs-lib_2"
      },
      "locked": {
        "lastModified": 1719745305,
        "narHash": "sha256-xwgjVUpqSviudEkpQnioeez1Uo2wzrsMaJKJClh+Bls=",
        "owner": "hercules-ci",
        "repo": "flake-parts",
        "rev": "c3c5ecc05edc7dafba779c6c1a61cd08ac6583e9",
        "type": "github"
      },
      "original": {
        "owner": "hercules-ci",
        "repo": "flake-parts",
        "type": "github"
      }
    },
    "flake-parts_4": {
      "inputs": {
        "nixpkgs-lib": [
          "hermes-agent",
          "nixpkgs"
        ]
      },
      "locked": {
        "lastModified": 1782949081,
        "narHash": "sha256-vp6Y/Grm98ESt6ceOkWiHWyZRDV3J1RID4w+6NWK9yA=",
        "owner": "hercules-ci",
        "repo": "flake-parts",
        "rev": "17c9d6cdfc60c64f4ee8d306f9bc0b4ccb51481e",
        "type": "github"
      },
      "original": {
        "owner": "hercules-ci",
        "repo": "flake-parts",
        "type": "github"
      }
    },
    "flake-parts_5": {
      "inputs": {
        "nixpkgs-lib": "nixpkgs-lib_3"
      },
      "locked": {
        "lastModified": 1767609335,
        "narHash": "sha256-feveD98mQpptwrAEggBQKJTYbvwwglSbOv53uCfH9PY=",
        "owner": "hercules-ci",
        "repo": "flake-parts",
        "rev": "250481aafeb741edfe23d29195671c19b36b6dca",
        "type": "github"
      },
      "original": {
        "owner": "hercules-ci",
        "repo": "flake-parts",
        "type": "github"
      }
    },
    "flake-root": {
      "locked": {
        "lastModified": 1723604017,
        "narHash": "sha256-rBtQ8gg+Dn4Sx/s+pvjdq3CB2wQNzx9XGFq/JVGCB6k=",
        "owner": "srid",
        "repo": "flake-root",
        "rev": "b759a56851e10cb13f6b8e5698af7b59c44be26e",
        "type": "github"
      },
      "original": {
        "owner": "srid",
        "repo": "flake-root",
        "type": "github"
      }
    },
    "flake-utils": {
      "inputs": {
        "systems": "systems"
      },
      "locked": {
        "lastModified": 1731533236,
        "narHash": "sha256-l0KFg5HjrsfsO/JpG+r7fRrqm12kzFHyUHqHCVpMMbI=",
        "owner": "numtide",
        "repo": "flake-utils",
        "rev": "11707dc2f618dd54ca8739b309ec4fc024de578b",
        "type": "github"
      },
      "original": {
        "owner": "numtide",
        "repo": "flake-utils",
        "type": "github"
      }
    },
    "flake-utils_2": {
      "inputs": {
        "systems": "systems_2"
      },
      "locked": {
        "lastModified": 1731533236,
        "narHash": "sha256-l0KFg5HjrsfsO/JpG+r7fRrqm12kzFHyUHqHCVpMMbI=",
        "owner": "numtide",
        "repo": "flake-utils",
        "rev": "11707dc2f618dd54ca8739b309ec4fc024de578b",
        "type": "github"
      },
      "original": {
        "owner": "numtide",
        "repo": "flake-utils",
        "type": "github"
      }
    },
    "flake-utils_3": {
      "inputs": {
        "systems": "systems_3"
      },
      "locked": {
        "lastModified": 1731533236,
        "narHash": "sha256-l0KFg5HjrsfsO/JpG+r7fRrqm12kzFHyUHqHCVpMMbI=",
        "owner": "numtide",
        "repo": "flake-utils",
        "rev": "11707dc2f618dd54ca8739b309ec4fc024de578b",
        "type": "github"
      },
      "original": {
        "owner": "numtide",
        "repo": "flake-utils",
        "type": "github"
      }
    },
    "git-hooks": {
      "inputs": {
        "flake-compat": [
          "clojure-mcp",
          "devenv",
          "flake-compat"
        ],
        "gitignore": "gitignore",
        "nixpkgs": [
          "clojure-mcp",
          "devenv",
          "nixpkgs"
        ]
      },
      "locked": {
        "lastModified": 1760663237,
        "narHash": "sha256-BflA6U4AM1bzuRMR8QqzPXqh8sWVCNDzOdsxXEguJIc=",
        "owner": "cachix",
        "repo": "git-hooks.nix",
        "rev": "ca5b894d3e3e151ffc1db040b6ce4dcc75d31c37",
        "type": "github"
      },
      "original": {
        "owner": "cachix",
        "repo": "git-hooks.nix",
        "type": "github"
      }
    },
    "gitignore": {
      "inputs": {
        "nixpkgs": [
          "clojure-mcp",
          "devenv",
          "git-hooks",
          "nixpkgs"
        ]
      },
      "locked": {
        "lastModified": 1709087332,
        "narHash": "sha256-HG2cCnktfHsKV0s4XW83gU3F57gaTljL9KNSuG6bnQs=",
        "owner": "hercules-ci",
        "repo": "gitignore.nix",
        "rev": "637db329424fd7e46cf4185293b9cc8c88c95394",
        "type": "github"
      },
      "original": {
        "owner": "hercules-ci",
        "repo": "gitignore.nix",
        "type": "github"
      }
    },
    "hermes-agent": {
      "inputs": {
        "flake-parts": "flake-parts_4",
        "home-manager": "home-manager",
        "nixpkgs": "nixpkgs_4",
        "npm-lockfile-fix": "npm-lockfile-fix",
        "pyproject-build-systems": "pyproject-build-systems",
        "pyproject-nix": "pyproject-nix",
        "uv2nix": "uv2nix"
      },
      "locked": {
        "lastModified": 1787314587,
        "narHash": "sha256-oeFJlEoFybqKkbuWT4mW8PRauusjt3y44ZJXAcA7TPY=",
        "owner": "NousResearch",
        "repo": "hermes-agent",
        "rev": "fcbd1076a93841fa88855acce810e342a5b78101",
        "type": "github"
      },
      "original": {
        "owner": "NousResearch",
        "ref": "v2026.8.19",
        "repo": "hermes-agent",
        "type": "github"
      }
    },
    "home-manager": {
      "inputs": {
        "nixpkgs": [
          "hermes-agent",
          "nixpkgs"
        ]
      },
      "locked": {
        "lastModified": 1786487128,
        "narHash": "sha256-ad60hrRVhH/bo3Jl1YLzO+QcS3mUNZr9LNJdzhMO2P4=",
        "owner": "nix-community",
        "repo": "home-manager",
        "rev": "f404edbfa4117810c96b97048299242fc50e5362",
        "type": "github"
      },
      "original": {
        "owner": "nix-community",
        "repo": "home-manager",
        "type": "github"
      }
    },
    "mcp-injector": {
      "inputs": {
        "flake-utils": "flake-utils_2",
        "nixpkgs": "nixpkgs_5"
      },
      "locked": {
        "lastModified": 1786591961,
        "narHash": "sha256-Ypv2+QRJH49BiLEj1/r6DWW6IjPinRyotdwnvVRkR30=",
        "owner": "noblepayne",
        "repo": "mcp-injector",
        "rev": "a0f201c901e1d640e9af51e22667f623801453d9",
        "type": "github"
      },
      "original": {
        "owner": "noblepayne",
        "repo": "mcp-injector",
        "type": "github"
      }
    },
    "mcp-nixos": {
      "inputs": {
        "devshell": "devshell_3",
        "flake-parts": "flake-parts_5",
        "nixpkgs": "nixpkgs_6"
      },
      "locked": {
        "lastModified": 1786554751,
        "narHash": "sha256-S6elg+nneCdUwpG6Y9ABMr/bbRfzCvls0ba2Vva22Lk=",
        "owner": "utensils",
        "repo": "mcp-nixos",
        "rev": "fea707cb1aec3e68baf2a815fa292ab9291451e4",
        "type": "github"
      },
      "original": {
        "owner": "utensils",
        "repo": "mcp-nixos",
        "type": "github"
      }
    },
    "nix": {
      "inputs": {
        "flake-compat": [
          "clojure-mcp",
          "devenv",
          "flake-compat"
        ],
        "flake-parts": [
          "clojure-mcp",
          "devenv",
          "flake-parts"
        ],
        "git-hooks-nix": [
          "clojure-mcp",
          "devenv",
          "git-hooks"
        ],
        "nixpkgs": [
          "clojure-mcp",
          "devenv",
          "nixpkgs"
        ],
        "nixpkgs-23-11": [
          "clojure-mcp",
          "devenv"
        ],
        "nixpkgs-regression": [
          "clojure-mcp",
          "devenv"
        ]
      },
      "locked": {
        "lastModified": 1771532737,
        "narHash": "sha256-H26FQmOyvIGnedfAioparJQD8Oe+/byD6OpUpnI/hkE=",
        "owner": "cachix",
        "repo": "nix",
        "rev": "7eb6c427c7a86fdc3ebf9e6cbf2a84e80e8974fd",
        "type": "github"
      },
      "original": {
        "owner": "cachix",
        "ref": "devenv-2.32",
        "repo": "nix",
        "type": "github"
      }
    },
    "nix-fetcher-data": {
      "inputs": {
        "flake-parts": "flake-parts",
        "nixpkgs": [
          "clojure-mcp",
          "clj-nix",
          "nixpkgs"
        ]
      },
      "locked": {
        "lastModified": 1755022803,
        "narHash": "sha256-/QtBdVfZlrRJW5enUoWlBE2wrLXJBMJ45X0rZh0jiaU=",
        "owner": "jlesquembre",
        "repo": "nix-fetcher-data",
        "rev": "9da3926b1459d6ff15268072d1c51351b82811b9",
        "type": "github"
      },
      "original": {
        "owner": "jlesquembre",
        "repo": "nix-fetcher-data",
        "type": "github"
      }
    },
    "nix-fetcher-data_2": {
      "inputs": {
        "flake-parts": "flake-parts_3",
        "nixpkgs": [
          "datom",
          "clj-nix",
          "nixpkgs"
        ]
      },
      "locked": {
        "lastModified": 1755022803,
        "narHash": "sha256-/QtBdVfZlrRJW5enUoWlBE2wrLXJBMJ45X0rZh0jiaU=",
        "owner": "jlesquembre",
        "repo": "nix-fetcher-data",
        "rev": "9da3926b1459d6ff15268072d1c51351b82811b9",
        "type": "github"
      },
      "original": {
        "owner": "jlesquembre",
        "repo": "nix-fetcher-data",
        "type": "github"
      }
    },
    "nixd": {
      "inputs": {
        "flake-parts": [
          "clojure-mcp",
          "devenv",
          "flake-parts"
        ],
        "flake-root": "flake-root",
        "nixpkgs": [
          "clojure-mcp",
          "devenv",
          "nixpkgs"
        ],
        "treefmt-nix": "treefmt-nix"
      },
      "locked": {
        "lastModified": 1763964548,
        "narHash": "sha256-JTRoaEWvPsVIMFJWeS4G2isPo15wqXY/otsiHPN0zww=",
        "owner": "nix-community",
        "repo": "nixd",
        "rev": "d4bf15e56540422e2acc7bc26b20b0a0934e3f5e",
        "type": "github"
      },
      "original": {
        "owner": "nix-community",
        "repo": "nixd",
        "type": "github"
      }
    },
    "nixpkgs": {
      "locked": {
        "lastModified": 1761313199,
        "narHash": "sha256-wCIACXbNtXAlwvQUo1Ed++loFALPjYUA3dpcUJiXO44=",
        "owner": "cachix",
        "repo": "devenv-nixpkgs",
        "rev": "d1c30452ebecfc55185ae6d1c983c09da0c274ff",
        "type": "github"
      },
      "original": {
        "owner": "cachix",
        "ref": "rolling",
        "repo": "devenv-nixpkgs",
        "type": "github"
      }
    },
    "nixpkgs-lib": {
      "locked": {
        "lastModified": 1717284937,
        "narHash": "sha256-lIbdfCsf8LMFloheeE6N31+BMIeixqyQWbSr2vk79EQ=",
        "type": "tarball",
        "url": "https://github.com/NixOS/nixpkgs/archive/eb9ceca17df2ea50a250b6b27f7bf6ab0186f198.tar.gz"
      },
      "original": {
        "type": "tarball",
        "url": "https://github.com/NixOS/nixpkgs/archive/eb9ceca17df2ea50a250b6b27f7bf6ab0186f198.tar.gz"
      }
    },
    "nixpkgs-lib_2": {
      "locked": {
        "lastModified": 1717284937,
        "narHash": "sha256-lIbdfCsf8LMFloheeE6N31+BMIeixqyQWbSr2vk79EQ=",
        "type": "tarball",
        "url": "https://github.com/NixOS/nixpkgs/archive/eb9ceca17df2ea50a250b6b27f7bf6ab0186f198.tar.gz"
      },
      "original": {
        "type": "tarball",
        "url": "https://github.com/NixOS/nixpkgs/archive/eb9ceca17df2ea50a250b6b27f7bf6ab0186f198.tar.gz"
      }
    },
    "nixpkgs-lib_3": {
      "locked": {
        "lastModified": 1765674936,
        "narHash": "sha256-k00uTP4JNfmejrCLJOwdObYC9jHRrr/5M/a/8L2EIdo=",
        "owner": "nix-community",
        "repo": "nixpkgs.lib",
        "rev": "2075416fcb47225d9b68ac469a5c4801a9c4dd85",
        "type": "github"
      },
      "original": {
        "owner": "nix-community",
        "repo": "nixpkgs.lib",
        "type": "github"
      }
    },
    "nixpkgs_10": {
      "locked": {
        "lastModified": 1771369470,
        "narHash": "sha256-0NBlEBKkN3lufyvFegY4TYv5mCNHbi5OmBDrzihbBMQ=",
        "owner": "NixOS",
        "repo": "nixpkgs",
        "rev": "0182a361324364ae3f436a63005877674cf45efb",
        "type": "github"
      },
      "original": {
        "owner": "NixOS",
        "ref": "nixos-unstable",
        "repo": "nixpkgs",
        "type": "github"
      }
    },
    "nixpkgs_2": {
      "locked": {
        "lastModified": 1771923393,
        "narHash": "sha256-Fy0+UXELv9hOE8WjYhJt8fMDLYTU2Dqn3cX4BwoGBos=",
        "owner": "NixOS",
        "repo": "nixpkgs",
        "rev": "ea7f1f06811ce7fcc81d6c6fd4213150c23edcf2",
        "type": "github"
      },
      "original": {
        "owner": "NixOS",
        "ref": "nixpkgs-unstable",
        "repo": "nixpkgs",
        "type": "github"
      }
    },
    "nixpkgs_3": {
      "locked": {
        "lastModified": 1781577229,
        "narHash": "sha256-lrp67w8AulE9Ks53n27I45ADSzbOCn4H+CNW1Ck8B+8=",
        "owner": "NixOS",
        "repo": "nixpkgs",
        "rev": "567a49d1913ce81ac6e9582e3553dd90a955875f",
        "type": "github"
      },
      "original": {
        "owner": "NixOS",
        "ref": "nixos-unstable",
        "repo": "nixpkgs",
        "type": "github"
      }
    },
    "nixpkgs_4": {
      "locked": {
        "lastModified": 1785318670,
        "narHash": "sha256-dN6Ou5x/+23FZLEpYP3IffO+NyJFzUlGumt1uu3MMaY=",
        "owner": "NixOS",
        "repo": "nixpkgs",
        "rev": "0954f7ee2f6bb3dc7d4e3d0d8bcb8fd4bde4cfc5",
        "type": "github"
      },
      "original": {
        "owner": "NixOS",
        "ref": "nixos-unstable",
        "repo": "nixpkgs",
        "type": "github"
      }
    },
    "nixpkgs_5": {
      "locked": {
        "lastModified": 1770562336,
        "narHash": "sha256-ub1gpAONMFsT/GU2hV6ZWJjur8rJ6kKxdm9IlCT0j84=",
        "owner": "NixOS",
        "repo": "nixpkgs",
        "rev": "d6c71932130818840fc8fe9509cf50be8c64634f",
        "type": "github"
      },
      "original": {
        "owner": "NixOS",
        "ref": "nixos-unstable",
        "repo": "nixpkgs",
        "type": "github"
      }
    },
    "nixpkgs_6": {
      "locked": {
        "lastModified": 1776548001,
        "narHash": "sha256-ZSK0NL4a1BwVbbTBoSnWgbJy9HeZFXLYQizjb2DPF24=",
        "owner": "NixOS",
        "repo": "nixpkgs",
        "rev": "b12141ef619e0a9c1c84dc8c684040326f27cdcc",
        "type": "github"
      },
      "original": {
        "owner": "NixOS",
        "ref": "nixos-unstable",
        "repo": "nixpkgs",
        "type": "github"
      }
    },
    "nixpkgs_7": {
      "locked": {
        "lastModified": 1787360063,
        "narHash": "sha256-dt4WdcvsA8/RCe+VZZwqU0X+XMM3wBbGCWA0/sFWzGo=",
        "owner": "nixos",
        "repo": "nixpkgs",
        "rev": "2c423e03bbafcff28bfadc6781a4a8257f205cb5",
        "type": "github"
      },
      "original": {
        "owner": "nixos",
        "ref": "nixos-unstable",
        "repo": "nixpkgs",
        "type": "github"
      }
    },
    "nixpkgs_8": {
      "locked": {
        "lastModified": 1774709303,
        "narHash": "sha256-D3Q07BbIA2KnTcSXIqqu9P586uWxN74zNoCH3h2ESHg=",
        "owner": "nixos",
        "repo": "nixpkgs",
        "rev": "8110df5ad7abf5d4c0f6fb0f8f978390e77f9685",
        "type": "github"
      },
      "original": {
        "owner": "nixos",
        "ref": "nixos-unstable",
        "repo": "nixpkgs",
        "type": "github"
      }
    },
    "nixpkgs_9": {
      "locked": {
        "lastModified": 1787498568,
        "narHash": "sha256-9i/VTdusq/+NM/tz+J1Re+ojkMB8MBf0QshnYfzHz30=",
        "owner": "NixOS",
        "repo": "nixpkgs",
        "rev": "56c02bc00adcf003215cc4bd996d6efaf4cff188",
        "type": "github"
      },
      "original": {
        "owner": "NixOS",
        "ref": "nixos-unstable",
        "repo": "nixpkgs",
        "type": "github"
      }
    },
    "npm-lockfile-fix": {
      "inputs": {
        "nixpkgs": [
          "hermes-agent",
          "nixpkgs"
        ]
      },
      "locked": {
        "lastModified": 1775903712,
        "narHash": "sha256-2GV79U6iVH4gKAPWYrxUReB0S41ty/Y3dBLquU8AlaA=",
        "owner": "jeslie0",
        "repo": "npm-lockfile-fix",
        "rev": "c6093acb0c0548e0f9b8b3d82918823721930fe8",
        "type": "github"
      },
      "original": {
        "owner": "jeslie0",
        "repo": "npm-lockfile-fix",
        "type": "github"
      }
    },
    "opencode": {
      "inputs": {
        "nixpkgs": "nixpkgs_8"
      },
      "locked": {
        "lastModified": 1787359544,
        "narHash": "sha256-DlCjB20bc1nlJyMXPi5a5pEMIe83Cxdc2DNXQSeU5Z0=",
        "owner": "noblepayne",
        "repo": "opencode-flake",
        "rev": "389e99a85d9bb91c86f527796cfcc2fb550cafd3",
        "type": "github"
      },
      "original": {
        "owner": "noblepayne",
        "repo": "opencode-flake",
        "type": "github"
      }
    },
    "opencode-mcp": {
      "inputs": {
        "nixpkgs": "nixpkgs_9"
      },
      "locked": {
        "lastModified": 1787629889,
        "narHash": "sha256-BoAy3t5+tVOxVm9ldLykGmplFmtvQ3cTt3o3LWq++Fc=",
        "owner": "noblepayne",
        "repo": "opencode-mcp",
        "rev": "3e1145cfa08fb71fe72e6fe8b2d9e6be800d0ddf",
        "type": "github"
      },
      "original": {
        "owner": "noblepayne",
        "repo": "opencode-mcp",
        "type": "github"
      }
    },
    "pyproject-build-systems": {
      "inputs": {
        "nixpkgs": [
          "hermes-agent",
          "nixpkgs"
        ],
        "pyproject-nix": [
          "hermes-agent",
          "pyproject-nix"
        ],
        "uv2nix": [
          "hermes-agent",
          "uv2nix"
        ]
      },
      "locked": {
        "lastModified": 1785115949,
        "narHash": "sha256-8AM37BfyGaL2v/SZyg4PupRxJ01Y4htvM+WrTjWrPpo=",
        "owner": "pyproject-nix",
        "repo": "build-system-pkgs",
        "rev": "62c0d86027edb1c4f39a5facc09876348144f7c9",
        "type": "github"
      },
      "original": {
        "owner": "pyproject-nix",
        "repo": "build-system-pkgs",
        "type": "github"
      }
    },
    "pyproject-nix": {
      "inputs": {
        "nixpkgs": [
          "hermes-agent",
          "nixpkgs"
        ]
      },
      "locked": {
        "lastModified": 1784591072,
        "narHash": "sha256-zP/WaDxrRu8GANZM61+V2LT/7ycEEdoyLWn7M6WzU7M=",
        "owner": "pyproject-nix",
        "repo": "pyproject.nix",
        "rev": "e3b599ca2e7fcf93d4edf65d7f19bbf6491724f3",
        "type": "github"
      },
      "original": {
        "owner": "pyproject-nix",
        "repo": "pyproject.nix",
        "type": "github"
      }
    },
    "root": {
      "inputs": {
        "clojure-mcp": "clojure-mcp",
        "datom": "datom",
        "hermes-agent": "hermes-agent",
        "mcp-injector": "mcp-injector",
        "mcp-nixos": "mcp-nixos",
        "nixpkgs": "nixpkgs_7",
        "opencode": "opencode",
        "opencode-mcp": "opencode-mcp",
        "workshop": "workshop"
      }
    },
    "systems": {
      "locked": {
        "lastModified": 1681028828,
        "narHash": "sha256-Vy1rq5AaRuLzOxct8nz4T6wlgyUR7zLU309k9mBC768=",
        "owner": "nix-systems",
        "repo": "default",
        "rev": "da67096a3b9bf56a91d16901293e51ba5b49a27e",
        "type": "github"
      },
      "original": {
        "owner": "nix-systems",
        "repo": "default",
        "type": "github"
      }
    },
    "systems_2": {
      "locked": {
        "lastModified": 1681028828,
        "narHash": "sha256-Vy1rq5AaRuLzOxct8nz4T6wlgyUR7zLU309k9mBC768=",
        "owner": "nix-systems",
        "repo": "default",
        "rev": "da67096a3b9bf56a91d16901293e51ba5b49a27e",
        "type": "github"
      },
      "original": {
        "owner": "nix-systems",
        "repo": "default",
        "type": "github"
      }
    },
    "systems_3": {
      "locked": {
        "lastModified": 1681028828,
        "narHash": "sha256-Vy1rq5AaRuLzOxct8nz4T6wlgyUR7zLU309k9mBC768=",
        "owner": "nix-systems",
        "repo": "default",
        "rev": "da67096a3b9bf56a91d16901293e51ba5b49a27e",
        "type": "github"
      },
      "original": {
        "owner": "nix-systems",
        "repo": "default",
        "type": "github"
      }
    },
    "treefmt-nix": {
      "inputs": {
        "nixpkgs": [
          "clojure-mcp",
          "devenv",
          "nixd",
          "nixpkgs"
        ]
      },
      "locked": {
        "lastModified": 1734704479,
        "narHash": "sha256-MMi74+WckoyEWBRcg/oaGRvXC9BVVxDZNRMpL+72wBI=",
        "owner": "numtide",
        "repo": "treefmt-nix",
        "rev": "65712f5af67234dad91a5a4baee986a8b62dbf8f",
        "type": "github"
      },
      "original": {
        "owner": "numtide",
        "repo": "treefmt-nix",
        "type": "github"
      }
    },
    "treefmt-nix_2": {
      "inputs": {
        "nixpkgs": [
          "clojure-mcp",
          "nixpkgs"
        ]
      },
      "locked": {
        "lastModified": 1770228511,
        "narHash": "sha256-wQ6NJSuFqAEmIg2VMnLdCnUc0b7vslUohqqGGD+Fyxk=",
        "owner": "numtide",
        "repo": "treefmt-nix",
        "rev": "337a4fe074be1042a35086f15481d763b8ddc0e7",
        "type": "github"
      },
      "original": {
        "owner": "numtide",
        "repo": "treefmt-nix",
        "type": "github"
      }
    },
    "uv2nix": {
      "inputs": {
        "nixpkgs": [
          "hermes-agent",
          "nixpkgs"
        ],
        "pyproject-nix": [
          "hermes-agent",
          "pyproject-nix"
        ]
      },
      "locked": {
        "lastModified": 1785277507,
        "narHash": "sha256-9Tq3UDX2hD/aveW/HvkBlAmEwJTOlY5HQXJM+L5BGmE=",
        "owner": "pyproject-nix",
        "repo": "uv2nix",
        "rev": "5a836d395cbf5fc22670eb98dd4aa4fc4d406977",
        "type": "github"
      },
      "original": {
        "owner": "pyproject-nix",
        "repo": "uv2nix",
        "type": "github"
      }
    },
    "workshop": {
      "inputs": {
        "flake-utils": "flake-utils_3",
        "nixpkgs": "nixpkgs_10"
      },
      "locked": {
        "lastModified": 1771484853,
        "narHash": "sha256-zwHYrPxy7qPztCJ//5mg3Ri/uztSMsfDyLohbBUuSoM=",
        "owner": "noblepayne",
        "repo": "workshop",
        "rev": "07b6021bdad88be37551ef85d4f45c77294773cd",
        "type": "github"
      },
      "original": {
        "owner": "noblepayne",
        "repo": "workshop",
        "type": "github"
      }
    }
  },
  "root": "root",
  "version": 7
}
